
Microsoft Visual Studio Solution File, Format Version 12.00
# Visual Studio Version 17
VisualStudioVersion = 17.3.32819.101
MinimumVisualStudioVersion = 10.0.40219.1
Project("{FAE04EC0-301F-11D3-BF4B-00C04F79EFBC}") = "DACS", "DACS\DACS.csproj", "{5604FFE4-D96E-483D-95C1-DF64C0E79457}"
EndProject
Global
	GlobalSection(SolutionConfigurationPlatforms) = preSolution
		Debug|Any CPU = Debug|Any CPU
		Release|Any CPU = Release|Any CPU
	EndGlobalSection
	GlobalSection(ProjectConfigurationPlatforms) = postSolution
		{5604FFE4-D96E-483D-95C1-DF64C0E79457}.Debug|Any CPU.ActiveCfg = Debug|Any CPU
		{5604FFE4-D96E-483D-95C1-DF64C0E79457}.Debug|Any CPU.Build.0 = Debug|Any CPU
		{5604FFE4-D96E-483D-95C1-DF64C0E79457}.Release|Any CPU.ActiveCfg = Release|Any CPU
		{5604FFE4-D96E-483D-95C1-DF64C0E79457}.Release|Any CPU.Build.0 = Release|Any CPU
	EndGlobalSection
	GlobalSection(SolutionProperties) = preSolution
		HideSolutionNode = FALSE
	EndGlobalSection
	GlobalSection(ExtensibilityGlobals) = postSolution
		SolutionGuid = {CD70F1D4-1815-46B0-8927-A90BF1174543}
	EndGlobalSection
EndGlobal
